
Microsoft Visual Studio Solution File, Format Version 12.00
# Visual Studio Version 17
VisualStudioVersion = 17.7.34221.43
MinimumVisualStudioVersion = 10.0.40219.1
Project("{9A19103F-16F7-4668-BE54-9A1E7A4F7556}") = "MOEWiki.Parser3", "MOEWiki.Parser3\MOEWiki.Parser3.csproj", "{108EE039-B58C-4575-9451-D5A502093822}"
EndProject
Project("{9A19103F-16F7-4668-BE54-9A1E7A4F7556}") = "MOEWiki.DBMySQL", "MOEWiki.DBMySQL\MOEWiki.DBMySQL.csproj", "{42C308BD-4AAD-4531-8649-043B1FBC4771}"
EndProject
Project("{9A19103F-16F7-4668-BE54-9A1E7A4F7556}") = "MOEWiki.AutoParse", "MOEWiki.AutoParse\MOEWiki.AutoParse.csproj", "{F674E9F8-FBC8-40F3-A707-42F4968AFB20}"
EndProject
Project("{FAE04EC0-301F-11D3-BF4B-00C04F79EFBC}") = "MoeWiki.WebApp", "MoeWiki.WebApp\MoeWiki.WebApp.csproj", "{51C4B9BA-792B-4310-B102-9700EDAB81E1}"
EndProject
Global
	GlobalSection(SolutionConfigurationPlatforms) = preSolution
		Debug|Any CPU = Debug|Any CPU
		Release|Any CPU = Release|Any CPU
	EndGlobalSection
	GlobalSection(ProjectConfigurationPlatforms) = postSolution
		{108EE039-B58C-4575-9451-D5A502093822}.Debug|Any CPU.ActiveCfg = Debug|Any CPU
		{108EE039-B58C-4575-9451-D5A502093822}.Debug|Any CPU.Build.0 = Debug|Any CPU
		{108EE039-B58C-4575-9451-D5A502093822}.Release|Any CPU.ActiveCfg = Release|Any CPU
		{108EE039-B58C-4575-9451-D5A502093822}.Release|Any CPU.Build.0 = Release|Any CPU
		{42C308BD-4AAD-4531-8649-043B1FBC4771}.Debug|Any CPU.ActiveCfg = Debug|Any CPU
		{42C308BD-4AAD-4531-8649-043B1FBC4771}.Debug|Any CPU.Build.0 = Debug|Any CPU
		{42C308BD-4AAD-4531-8649-043B1FBC4771}.Release|Any CPU.ActiveCfg = Release|Any CPU
		{42C308BD-4AAD-4531-8649-043B1FBC4771}.Release|Any CPU.Build.0 = Release|Any CPU
		{F674E9F8-FBC8-40F3-A707-42F4968AFB20}.Debug|Any CPU.ActiveCfg = Debug|Any CPU
		{F674E9F8-FBC8-40F3-A707-42F4968AFB20}.Debug|Any CPU.Build.0 = Debug|Any CPU
		{F674E9F8-FBC8-40F3-A707-42F4968AFB20}.Release|Any CPU.ActiveCfg = Release|Any CPU
		{F674E9F8-FBC8-40F3-A707-42F4968AFB20}.Release|Any CPU.Build.0 = Release|Any CPU
		{51C4B9BA-792B-4310-B102-9700EDAB81E1}.Debug|Any CPU.ActiveCfg = Debug|Any CPU
		{51C4B9BA-792B-4310-B102-9700EDAB81E1}.Debug|Any CPU.Build.0 = Debug|Any CPU
		{51C4B9BA-792B-4310-B102-9700EDAB81E1}.Release|Any CPU.ActiveCfg = Release|Any CPU
		{51C4B9BA-792B-4310-B102-9700EDAB81E1}.Release|Any CPU.Build.0 = Release|Any CPU
	EndGlobalSection
	GlobalSection(SolutionProperties) = preSolution
		HideSolutionNode = FALSE
	EndGlobalSection
	GlobalSection(ExtensibilityGlobals) = postSolution
		SolutionGuid = {E5410390-2586-4ECC-91A5-71DF4BBF1E56}
	EndGlobalSection
EndGlobal
